
Microsoft Visual Studio Solution File, Format Version 12.00
# Visual Studio Version 17
VisualStudioVersion = 17.7.34031.279
MinimumVisualStudioVersion = 10.0.40219.1
Project("{FAE04EC0-301F-11D3-BF4B-00C04F79EFBC}") = "Module1Work", "Module1Work\Module1Work.csproj", "{0E155775-6F9D-4D4C-B867-D3BAD98EDB63}"
EndProject
Global
	GlobalSection(SolutionConfigurationPlatforms) = preSolution
		Debug|Any CPU = Debug|Any CPU
		Release|Any CPU = Release|Any CPU
	EndGlobalSection
	GlobalSection(ProjectConfigurationPlatforms) = postSolution
		{0E155775-6F9D-4D4C-B867-D3BAD98EDB63}.Debug|Any CPU.ActiveCfg = Debug|Any CPU
		{0E155775-6F9D-4D4C-B867-D3BAD98EDB63}.Debug|Any CPU.Build.0 = Debug|Any CPU
		{0E155775-6F9D-4D4C-B867-D3BAD98EDB63}.Release|Any CPU.ActiveCfg = Release|Any CPU
		{0E155775-6F9D-4D4C-B867-D3BAD98EDB63}.Release|Any CPU.Build.0 = Release|Any CPU
	EndGlobalSection
	GlobalSection(SolutionProperties) = preSolution
		HideSolutionNode = FALSE
	EndGlobalSection
	GlobalSection(ExtensibilityGlobals) = postSolution
		SolutionGuid = {FFD5815D-9667-41CA-875C-1CEC78C0E06C}
	EndGlobalSection
EndGlobal
